// !$*UTF8*$!
{
	archiveVersion = 1;
	classes = {
	};
	objectVersion = 55;
	objects = {

/* Begin PBXBuildFile section */
		3D8817582887F8600062E2DF /* SoundPay.docc in Sources */ = {isa = PBXBuildFile; fileRef = 3D8817572887F8600062E2DF /* SoundPay.docc */; };
		3D88175E2887F8610062E2DF /* SoundPay.framework in Frameworks */ = {isa = PBXBuildFile; fileRef = 3D8817532887F8600062E2DF /* SoundPay.framework */; };
		3D8817632887F8610062E2DF /* SoundPayTests.m in Sources */ = {isa = PBXBuildFile; fileRef = 3D8817622887F8610062E2DF /* SoundPayTests.m */; };
		3D8817642887F8610062E2DF /* SoundPay.h in Headers */ = {isa = PBXBuildFile; fileRef = 3D8817562887F8600062E2DF /* SoundPay.h */; settings = {ATTRIBUTES = (Public, ); }; };
		3D8817722887FD9F0062E2DF /* SoundPaySDK.h in Headers */ = {isa = PBXBuildFile; fileRef = 3D8817702887FD9E0062E2DF /* SoundPaySDK.h */; };
		3D8817732887FD9F0062E2DF /* SoundPaySDK.m in Sources */ = {isa = PBXBuildFile; fileRef = 3D8817712887FD9F0062E2DF /* SoundPaySDK.m */; };
		3DC959A5288ABB59002F012C /* main.m in Sources */ = {isa = PBXBuildFile; fileRef = 3DC95996288ABB59002F012C /* main.m */; };
		3DC959A6288ABB59002F012C /* fft.h in Headers */ = {isa = PBXBuildFile; fileRef = 3DC95998288ABB59002F012C /* fft.h */; };
		3DC959A7288ABB59002F012C /* CMakeLists.txt in Resources */ = {isa = PBXBuildFile; fileRef = 3DC95999288ABB59002F012C /* CMakeLists.txt */; };
		3DC959A8288ABB59002F012C /* ggwave.h in Headers */ = {isa = PBXBuildFile; fileRef = 3DC9599C288ABB59002F012C /* ggwave.h */; };
		3DC959AA288ABB59002F012C /* gf.hpp in Headers */ = {isa = PBXBuildFile; fileRef = 3DC9599F288ABB59002F012C /* gf.hpp */; };
		3DC959AB288ABB59002F012C /* rs.hpp in Headers */ = {isa = PBXBuildFile; fileRef = 3DC959A0288ABB59002F012C /* rs.hpp */; };
		3DC959AC288ABB59002F012C /* poly.hpp in Headers */ = {isa = PBXBuildFile; fileRef = 3DC959A1288ABB59002F012C /* poly.hpp */; };
		3DC959AD288ABB59002F012C /* resampler.h in Headers */ = {isa = PBXBuildFile; fileRef = 3DC959A2288ABB59002F012C /* resampler.h */; };
		3DC959AE288ABB59002F012C /* ggwave.cpp in Sources */ = {isa = PBXBuildFile; fileRef = 3DC959A3288ABB59002F012C /* ggwave.cpp */; };
		3DC959AF288ABB59002F012C /* resampler.cpp in Sources */ = {isa = PBXBuildFile; fileRef = 3DC959A4288ABB59002F012C /* resampler.cpp */; };
/* End PBXBuildFile section */

/* Begin PBXContainerItemProxy section */
		3D88175F2887F8610062E2DF /* PBXContainerItemProxy */ = {
			isa = PBXContainerItemProxy;
			containerPortal = 3D88174A2887F8600062E2DF /* Project object */;
			proxyType = 1;
			remoteGlobalIDString = 3D8817522887F8600062E2DF;
			remoteInfo = SoundPay;
		};
/* End PBXContainerItemProxy section */

/* Begin PBXFileReference section */
		3D8817532887F8600062E2DF /* SoundPay.framework */ = {isa = PBXFileReference; explicitFileType = wrapper.framework; includeInIndex = 0; path = SoundPay.framework; sourceTree = BUILT_PRODUCTS_DIR; };
		3D8817562887F8600062E2DF /* SoundPay.h */ = {isa = PBXFileReference; lastKnownFileType = sourcecode.c.h; path = SoundPay.h; sourceTree = "<group>"; };
		3D8817572887F8600062E2DF /* SoundPay.docc */ = {isa = PBXFileReference; lastKnownFileType = folder.documentationcatalog; path = SoundPay.docc; sourceTree = "<group>"; };
		3D88175D2887F8610062E2DF /* SoundPayTests.xctest */ = {isa = PBXFileReference; explicitFileType = wrapper.cfbundle; includeInIndex = 0; path = SoundPayTests.xctest; sourceTree = BUILT_PRODUCTS_DIR; };
		3D8817622887F8610062E2DF /* SoundPayTests.m */ = {isa = PBXFileReference; lastKnownFileType = sourcecode.c.objc; path = SoundPayTests.m; sourceTree = "<group>"; };
		3D8817702887FD9E0062E2DF /* SoundPaySDK.h */ = {isa = PBXFileReference; lastKnownFileType = sourcecode.c.h; path = SoundPaySDK.h; sourceTree = "<group>"; };
		3D8817712887FD9F0062E2DF /* SoundPaySDK.m */ = {isa = PBXFileReference; lastKnownFileType = sourcecode.c.objc; path = SoundPaySDK.m; sourceTree = "<group>"; };
		3DC95996288ABB59002F012C /* main.m */ = {isa = PBXFileReference; fileEncoding = 4; lastKnownFileType = sourcecode.c.objc; path = main.m; sourceTree = "<group>"; };
		3DC95998288ABB59002F012C /* fft.h */ = {isa = PBXFileReference; fileEncoding = 4; lastKnownFileType = sourcecode.c.h; path = fft.h; sourceTree = "<group>"; };
		3DC95999288ABB59002F012C /* CMakeLists.txt */ = {isa = PBXFileReference; fileEncoding = 4; lastKnownFileType = text; path = CMakeLists.txt; sourceTree = "<group>"; };
		3DC9599C288ABB59002F012C /* ggwave.h */ = {isa = PBXFileReference; fileEncoding = 4; lastKnownFileType = sourcecode.c.h; path = ggwave.h; sourceTree = "<group>"; };
		3DC9599F288ABB59002F012C /* gf.hpp */ = {isa = PBXFileReference; fileEncoding = 4; lastKnownFileType = sourcecode.cpp.h; path = gf.hpp; sourceTree = "<group>"; };
		3DC959A0288ABB59002F012C /* rs.hpp */ = {isa = PBXFileReference; fileEncoding = 4; lastKnownFileType = sourcecode.cpp.h; path = rs.hpp; sourceTree = "<group>"; };
		3DC959A1288ABB59002F012C /* poly.hpp */ = {isa = PBXFileReference; fileEncoding = 4; lastKnownFileType = sourcecode.cpp.h; path = poly.hpp; sourceTree = "<group>"; };
		3DC959A2288ABB59002F012C /* resampler.h */ = {isa = PBXFileReference; fileEncoding = 4; lastKnownFileType = sourcecode.c.h; path = resampler.h; sourceTree = "<group>"; };
		3DC959A3288ABB59002F012C /* ggwave.cpp */ = {isa = PBXFileReference; fileEncoding = 4; lastKnownFileType = sourcecode.cpp.cpp; path = ggwave.cpp; sourceTree = "<group>"; };
		3DC959A4288ABB59002F012C /* resampler.cpp */ = {isa = PBXFileReference; fileEncoding = 4; lastKnownFileType = sourcecode.cpp.cpp; path = resampler.cpp; sourceTree = "<group>"; };
/* End PBXFileReference section */

/* Begin PBXFrameworksBuildPhase section */
		3D8817502887F8600062E2DF /* Frameworks */ = {
			isa = PBXFrameworksBuildPhase;
			buildActionMask = 2147483647;
			files = (
			);
			runOnlyForDeploymentPostprocessing = 0;
		};
		3D88175A2887F8610062E2DF /* Frameworks */ = {
			isa = PBXFrameworksBuildPhase;
			buildActionMask = 2147483647;
			files = (
				3D88175E2887F8610062E2DF /* SoundPay.framework in Frameworks */,
			);
			runOnlyForDeploymentPostprocessing = 0;
		};
/* End PBXFrameworksBuildPhase section */

/* Begin PBXGroup section */
		3D8817492887F8600062E2DF = {
			isa = PBXGroup;
			children = (
				3D8817552887F8600062E2DF /* SoundPay */,
				3D8817612887F8610062E2DF /* SoundPayTests */,
				3D8817542887F8600062E2DF /* Products */,
			);
			sourceTree = "<group>";
		};
		3D8817542887F8600062E2DF /* Products */ = {
			isa = PBXGroup;
			children = (
				3D8817532887F8600062E2DF /* SoundPay.framework */,
				3D88175D2887F8610062E2DF /* SoundPayTests.xctest */,
			);
			name = Products;
			sourceTree = "<group>";
		};
		3D8817552887F8600062E2DF /* SoundPay */ = {
			isa = PBXGroup;
			children = (
				3D8817562887F8600062E2DF /* SoundPay.h */,
				3D8817702887FD9E0062E2DF /* SoundPaySDK.h */,
				3D8817712887FD9F0062E2DF /* SoundPaySDK.m */,
				3DC95994288ABB59002F012C /* Sources */,
				3D8817572887F8600062E2DF /* SoundPay.docc */,
			);
			path = SoundPay;
			sourceTree = "<group>";
		};
		3D8817612887F8610062E2DF /* SoundPayTests */ = {
			isa = PBXGroup;
			children = (
				3D8817622887F8610062E2DF /* SoundPayTests.m */,
			);
			path = SoundPayTests;
			sourceTree = "<group>";
		};
		3DC95994288ABB59002F012C /* Sources */ = {
			isa = PBXGroup;
			children = (
				3DC95995288ABB59002F012C /* test-objc */,
				3DC95997288ABB59002F012C /* ggwave */,
			);
			path = Sources;
			sourceTree = "<group>";
		};
		3DC95995288ABB59002F012C /* test-objc */ = {
			isa = PBXGroup;
			children = (
				3DC95996288ABB59002F012C /* main.m */,
			);
			path = "test-objc";
			sourceTree = "<group>";
		};
		3DC95997288ABB59002F012C /* ggwave */ = {
			isa = PBXGroup;
			children = (
				3DC95998288ABB59002F012C /* fft.h */,
				3DC95999288ABB59002F012C /* CMakeLists.txt */,
				3DC9599A288ABB59002F012C /* include */,
				3DC9599D288ABB59002F012C /* reed-solomon */,
				3DC959A2288ABB59002F012C /* resampler.h */,
				3DC959A3288ABB59002F012C /* ggwave.cpp */,
				3DC959A4288ABB59002F012C /* resampler.cpp */,
			);
			path = ggwave;
			sourceTree = "<group>";
		};
		3DC9599A288ABB59002F012C /* include */ = {
			isa = PBXGroup;
			children = (
				3DC9599B288ABB59002F012C /* ggwave */,
			);
			path = include;
			sourceTree = "<group>";
		};
		3DC9599B288ABB59002F012C /* ggwave */ = {
			isa = PBXGroup;
			children = (
				3DC9599C288ABB59002F012C /* ggwave.h */,
			);
			path = ggwave;
			sourceTree = "<group>";
		};
		3DC9599D288ABB59002F012C /* reed-solomon */ = {
			isa = PBXGroup;
			children = (
				3DC9599F288ABB59002F012C /* gf.hpp */,
				3DC959A0288ABB59002F012C /* rs.hpp */,
				3DC959A1288ABB59002F012C /* poly.hpp */,
			);
			path = "reed-solomon";
			sourceTree = "<group>";
		};
/* End PBXGroup section */

/* Begin PBXHeadersBuildPhase section */
		3D88174E2887F8600062E2DF /* Headers */ = {
			isa = PBXHeadersBuildPhase;
			buildActionMask = 2147483647;
			files = (
				3DC959AC288ABB59002F012C /* poly.hpp in Headers */,
				3DC959AA288ABB59002F012C /* gf.hpp in Headers */,
				3DC959AB288ABB59002F012C /* rs.hpp in Headers */,
				3DC959A6288ABB59002F012C /* fft.h in Headers */,
				3DC959AD288ABB59002F012C /* resampler.h in Headers */,
				3D8817722887FD9F0062E2DF /* SoundPaySDK.h in Headers */,
				3D8817642887F8610062E2DF /* SoundPay.h in Headers */,
				3DC959A8288ABB59002F012C /* ggwave.h in Headers */,
			);
			runOnlyForDeploymentPostprocessing = 0;
		};
/* End PBXHeadersBuildPhase section */

/* Begin PBXNativeTarget section */
		3D8817522887F8600062E2DF /* SoundPay */ = {
			isa = PBXNativeTarget;
			buildConfigurationList = 3D8817672887F8610062E2DF /* Build configuration list for PBXNativeTarget "SoundPay" */;
			buildPhases = (
				3D88174E2887F8600062E2DF /* Headers */,
				3D88174F2887F8600062E2DF /* Sources */,
				3D8817502887F8600062E2DF /* Frameworks */,
				3D8817512887F8600062E2DF /* Resources */,
			);
			buildRules = (
			);
			dependencies = (
			);
			name = SoundPay;
			packageProductDependencies = (
			);
			productName = SoundPay;
			productReference = 3D8817532887F8600062E2DF /* SoundPay.framework */;
			productType = "com.apple.product-type.framework";
		};
		3D88175C2887F8610062E2DF /* SoundPayTests */ = {
			isa = PBXNativeTarget;
			buildConfigurationList = 3D88176A2887F8610062E2DF /* Build configuration list for PBXNativeTarget "SoundPayTests" */;
			buildPhases = (
				3D8817592887F8610062E2DF /* Sources */,
				3D88175A2887F8610062E2DF /* Frameworks */,
				3D88175B2887F8610062E2DF /* Resources */,
			);
			buildRules = (
			);
			dependencies = (
				3D8817602887F8610062E2DF /* PBXTargetDependency */,
			);
			name = SoundPayTests;
			productName = SoundPayTests;
			productReference = 3D88175D2887F8610062E2DF /* SoundPayTests.xctest */;
			productType = "com.apple.product-type.bundle.unit-test";
		};
/* End PBXNativeTarget section */

/* Begin PBXProject section */
		3D88174A2887F8600062E2DF /* Project object */ = {
			isa = PBXProject;
			attributes = {
				BuildIndependentTargetsInParallel = 1;
				LastUpgradeCheck = 1330;
				TargetAttributes = {
					3D8817522887F8600062E2DF = {
						CreatedOnToolsVersion = 13.3.1;
						LastSwiftMigration = 1330;
					};
					3D88175C2887F8610062E2DF = {
						CreatedOnToolsVersion = 13.3.1;
					};
				};
			};
			buildConfigurationList = 3D88174D2887F8600062E2DF /* Build configuration list for PBXProject "SoundPay" */;
			compatibilityVersion = "Xcode 13.0";
			developmentRegion = en;
			hasScannedForEncodings = 0;
			knownRegions = (
				en,
				Base,
			);
			mainGroup = 3D8817492887F8600062E2DF;
			packageReferences = (
			);
			productRefGroup = 3D8817542887F8600062E2DF /* Products */;
			projectDirPath = "";
			projectRoot = "";
			targets = (
				3D8817522887F8600062E2DF /* SoundPay */,
				3D88175C2887F8610062E2DF /* SoundPayTests */,
			);
		};
/* End PBXProject section */

/* Begin PBXResourcesBuildPhase section */
		3D8817512887F8600062E2DF /* Resources */ = {
			isa = PBXResourcesBuildPhase;
			buildActionMask = 2147483647;
			files = (
				3DC959A7288ABB59002F012C /* CMakeLists.txt in Resources */,
			);
			runOnlyForDeploymentPostprocessing = 0;
		};
		3D88175B2887F8610062E2DF /* Resources */ = {
			isa = PBXResourcesBuildPhase;
			buildActionMask = 2147483647;
			files = (
			);
			runOnlyForDeploymentPostprocessing = 0;
		};
/* End PBXResourcesBuildPhase section */

/* Begin PBXSourcesBuildPhase section */
		3D88174F2887F8600062E2DF /* Sources */ = {
			isa = PBXSourcesBuildPhase;
			buildActionMask = 2147483647;
			files = (
				3DC959AF288ABB59002F012C /* resampler.cpp in Sources */,
				3DC959AE288ABB59002F012C /* ggwave.cpp in Sources */,
				3D8817582887F8600062E2DF /* SoundPay.docc in Sources */,
				3DC959A5288ABB59002F012C /* main.m in Sources */,
				3D8817732887FD9F0062E2DF /* SoundPaySDK.m in Sources */,
			);
			runOnlyForDeploymentPostprocessing = 0;
		};
		3D8817592887F8610062E2DF /* Sources */ = {
			isa = PBXSourcesBuildPhase;
			buildActionMask = 2147483647;
			files = (
				3D8817632887F8610062E2DF /* SoundPayTests.m in Sources */,
			);
			runOnlyForDeploymentPostprocessing = 0;
		};
/* End PBXSourcesBuildPhase section */

/* Begin PBXTargetDependency section */
		3D8817602887F8610062E2DF /* PBXTargetDependency */ = {
			isa = PBXTargetDependency;
			target = 3D8817522887F8600062E2DF /* SoundPay */;
			targetProxy = 3D88175F2887F8610062E2DF /* PBXContainerItemProxy */;
		};
/* End PBXTargetDependency section */

/* Begin XCBuildConfiguration section */
		3D8817652887F8610062E2DF /* Debug */ = {
			isa = XCBuildConfiguration;
			buildSettings = {
				ALWAYS_SEARCH_USER_PATHS = NO;
				CLANG_ANALYZER_NONNULL = YES;
				CLANG_ANALYZER_NUMBER_OBJECT_CONVERSION = YES_AGGRESSIVE;
				CLANG_CXX_LANGUAGE_STANDARD = "gnu++17";
				CLANG_ENABLE_MODULES = YES;
				CLANG_ENABLE_OBJC_ARC = YES;
				CLANG_ENABLE_OBJC_WEAK = YES;
				CLANG_WARN_BLOCK_CAPTURE_AUTORELEASING = YES;
				CLANG_WARN_BOOL_CONVERSION = YES;
				CLANG_WARN_COMMA = YES;
				CLANG_WARN_CONSTANT_CONVERSION = YES;
				CLANG_WARN_DEPRECATED_OBJC_IMPLEMENTATIONS = YES;
				CLANG_WARN_DIRECT_OBJC_ISA_USAGE = YES_ERROR;
				CLANG_WARN_DOCUMENTATION_COMMENTS = YES;
				CLANG_WARN_EMPTY_BODY = YES;
				CLANG_WARN_ENUM_CONVERSION = YES;
				CLANG_WARN_INFINITE_RECURSION = YES;
				CLANG_WARN_INT_CONVERSION = YES;
				CLANG_WARN_NON_LITERAL_NULL_CONVERSION = YES;
				CLANG_WARN_OBJC_IMPLICIT_RETAIN_SELF = YES;
				CLANG_WARN_OBJC_LITERAL_CONVERSION = YES;
				CLANG_WARN_OBJC_ROOT_CLASS = YES_ERROR;
				CLANG_WARN_QUOTED_INCLUDE_IN_FRAMEWORK_HEADER = YES;
				CLANG_WARN_RANGE_LOOP_ANALYSIS = YES;
				CLANG_WARN_STRICT_PROTOTYPES = YES;
				CLANG_WARN_SUSPICIOUS_MOVE = YES;
				CLANG_WARN_UNGUARDED_AVAILABILITY = YES_AGGRESSIVE;
				CLANG_WARN_UNREACHABLE_CODE = YES;
				CLANG_WARN__DUPLICATE_METHOD_MATCH = YES;
				COPY_PHASE_STRIP = NO;
				CURRENT_PROJECT_VERSION = 1;
				DEBUG_INFORMATION_FORMAT = dwarf;
				ENABLE_STRICT_OBJC_MSGSEND = YES;
				ENABLE_TESTABILITY = YES;
				GCC_C_LANGUAGE_STANDARD = gnu11;
				GCC_DYNAMIC_NO_PIC = NO;
				GCC_NO_COMMON_BLOCKS = YES;
				GCC_OPTIMIZATION_LEVEL = 0;
				GCC_PREPROCESSOR_DEFINITIONS = (
					"DEBUG=1",
					"$(inherited)",
				);
				GCC_WARN_64_TO_32_BIT_CONVERSION = YES;
				GCC_WARN_ABOUT_RETURN_TYPE = YES_ERROR;
				GCC_WARN_UNDECLARED_SELECTOR = YES;
				GCC_WARN_UNINITIALIZED_AUTOS = YES_AGGRESSIVE;
				GCC_WARN_UNUSED_FUNCTION = YES;
				GCC_WARN_UNUSED_VARIABLE = YES;
				IPHONEOS_DEPLOYMENT_TARGET = 15.4;
				MTL_ENABLE_DEBUG_INFO = INCLUDE_SOURCE;
				MTL_FAST_MATH = YES;
				ONLY_ACTIVE_ARCH = YES;
				SDKROOT = iphoneos;
				VERSIONING_SYSTEM = "apple-generic";
				VERSION_INFO_PREFIX = "";
			};
			name = Debug;
		};
		3D8817662887F8610062E2DF /* Release */ = {
			isa = XCBuildConfiguration;
			buildSettings = {
				ALWAYS_SEARCH_USER_PATHS = NO;
				CLANG_ANALYZER_NONNULL = YES;
				CLANG_ANALYZER_NUMBER_OBJECT_CONVERSION = YES_AGGRESSIVE;
				CLANG_CXX_LANGUAGE_STANDARD = "gnu++17";
				CLANG_ENABLE_MODULES = YES;
				CLANG_ENABLE_OBJC_ARC = YES;
				CLANG_ENABLE_OBJC_WEAK = YES;
				CLANG_WARN_BLOCK_CAPTURE_AUTORELEASING = YES;
				CLANG_WARN_BOOL_CONVERSION = YES;
				CLANG_WARN_COMMA = YES;
				CLANG_WARN_CONSTANT_CONVERSION = YES;
				CLANG_WARN_DEPRECATED_OBJC_IMPLEMENTATIONS = YES;
				CLANG_WARN_DIRECT_OBJC_ISA_USAGE = YES_ERROR;
				CLANG_WARN_DOCUMENTATION_COMMENTS = YES;
				CLANG_WARN_EMPTY_BODY = YES;
				CLANG_WARN_ENUM_CONVERSION = YES;
				CLANG_WARN_INFINITE_RECURSION = YES;
				CLANG_WARN_INT_CONVERSION = YES;
				CLANG_WARN_NON_LITERAL_NULL_CONVERSION = YES;
				CLANG_WARN_OBJC_IMPLICIT_RETAIN_SELF = YES;
				CLANG_WARN_OBJC_LITERAL_CONVERSION = YES;
				CLANG_WARN_OBJC_ROOT_CLASS = YES_ERROR;
				CLANG_WARN_QUOTED_INCLUDE_IN_FRAMEWORK_HEADER = YES;
				CLANG_WARN_RANGE_LOOP_ANALYSIS = YES;
				CLANG_WARN_STRICT_PROTOTYPES = YES;
				CLANG_WARN_SUSPICIOUS_MOVE = YES;
				CLANG_WARN_UNGUARDED_AVAILABILITY = YES_AGGRESSIVE;
				CLANG_WARN_UNREACHABLE_CODE = YES;
				CLANG_WARN__DUPLICATE_METHOD_MATCH = YES;
				COPY_PHASE_STRIP = NO;
				CURRENT_PROJECT_VERSION = 1;
				DEBUG_INFORMATION_FORMAT = "dwarf-with-dsym";
				ENABLE_NS_ASSERTIONS = NO;
				ENABLE_STRICT_OBJC_MSGSEND = YES;
				GCC_C_LANGUAGE_STANDARD = gnu11;
				GCC_NO_COMMON_BLOCKS = YES;
				GCC_WARN_64_TO_32_BIT_CONVERSION = YES;
				GCC_WARN_ABOUT_RETURN_TYPE = YES_ERROR;
				GCC_WARN_UNDECLARED_SELECTOR = YES;
				GCC_WARN_UNINITIALIZED_AUTOS = YES_AGGRESSIVE;
				GCC_WARN_UNUSED_FUNCTION = YES;
				GCC_WARN_UNUSED_VARIABLE = YES;
				IPHONEOS_DEPLOYMENT_TARGET = 15.4;
				MTL_ENABLE_DEBUG_INFO = NO;
				MTL_FAST_MATH = YES;
				SDKROOT = iphoneos;
				VALIDATE_PRODUCT = YES;
				VERSIONING_SYSTEM = "apple-generic";
				VERSION_INFO_PREFIX = "";
			};
			name = Release;
		};
		3D8817682887F8610062E2DF /* Debug */ = {
			isa = XCBuildConfiguration;
			buildSettings = {
				CLANG_ENABLE_MODULES = YES;
				CODE_SIGN_STYLE = Automatic;
				CURRENT_PROJECT_VERSION = 1;
				DEFINES_MODULE = YES;
				DEVELOPMENT_TEAM = 3RX4E9DU8W;
				DYLIB_COMPATIBILITY_VERSION = 1;
				DYLIB_CURRENT_VERSION = 1;
				DYLIB_INSTALL_NAME_BASE = "@rpath";
				GENERATE_INFOPLIST_FILE = YES;
				INFOPLIST_KEY_NSHumanReadableCopyright = "";
				INSTALL_PATH = "$(LOCAL_LIBRARY_DIR)/Frameworks";
				LD_RUNPATH_SEARCH_PATHS = (
					"$(inherited)",
					"@executable_path/Frameworks",
					"@loader_path/Frameworks",
				);
				MARKETING_VERSION = 1.0;
				PRODUCT_BUNDLE_IDENTIFIER = com.weather.app.SoundPay;
				PRODUCT_NAME = "$(TARGET_NAME:c99extidentifier)";
				SKIP_INSTALL = YES;
				SUPPORTS_MACCATALYST = NO;
				SWIFT_EMIT_LOC_STRINGS = YES;
				SWIFT_OPTIMIZATION_LEVEL = "-Onone";
				SWIFT_VERSION = 5.0;
				TARGETED_DEVICE_FAMILY = 1;
			};
			name = Debug;
		};
		3D8817692887F8610062E2DF /* Release */ = {
			isa = XCBuildConfiguration;
			buildSettings = {
				CLANG_ENABLE_MODULES = YES;
				CODE_SIGN_STYLE = Automatic;
				CURRENT_PROJECT_VERSION = 1;
				DEFINES_MODULE = YES;
				DEVELOPMENT_TEAM = 3RX4E9DU8W;
				DYLIB_COMPATIBILITY_VERSION = 1;
				DYLIB_CURRENT_VERSION = 1;
				DYLIB_INSTALL_NAME_BASE = "@rpath";
				GENERATE_INFOPLIST_FILE = YES;
				INFOPLIST_KEY_NSHumanReadableCopyright = "";
				INSTALL_PATH = "$(LOCAL_LIBRARY_DIR)/Frameworks";
				LD_RUNPATH_SEARCH_PATHS = (
					"$(inherited)",
					"@executable_path/Frameworks",
					"@loader_path/Frameworks",
				);
				MARKETING_VERSION = 1.0;
				PRODUCT_BUNDLE_IDENTIFIER = com.weather.app.SoundPay;
				PRODUCT_NAME = "$(TARGET_NAME:c99extidentifier)";
				SKIP_INSTALL = YES;
				SUPPORTS_MACCATALYST = NO;
				SWIFT_EMIT_LOC_STRINGS = YES;
				SWIFT_VERSION = 5.0;
				TARGETED_DEVICE_FAMILY = 1;
			};
			name = Release;
		};
		3D88176B2887F8610062E2DF /* Debug */ = {
			isa = XCBuildConfiguration;
			buildSettings = {
				CODE_SIGN_STYLE = Automatic;
				CURRENT_PROJECT_VERSION = 1;
				DEVELOPMENT_TEAM = 3RX4E9DU8W;
				GENERATE_INFOPLIST_FILE = YES;
				MARKETING_VERSION = 1.0;
				PRODUCT_BUNDLE_IDENTIFIER = com.weather.app.SoundPayTests;
				PRODUCT_NAME = "$(TARGET_NAME)";
				SWIFT_EMIT_LOC_STRINGS = NO;
				TARGETED_DEVICE_FAMILY = "1,2";
			};
			name = Debug;
		};
		3D88176C2887F8610062E2DF /* Release */ = {
			isa = XCBuildConfiguration;
			buildSettings = {
				CODE_SIGN_STYLE = Automatic;
				CURRENT_PROJECT_VERSION = 1;
				DEVELOPMENT_TEAM = 3RX4E9DU8W;
				GENERATE_INFOPLIST_FILE = YES;
				MARKETING_VERSION = 1.0;
				PRODUCT_BUNDLE_IDENTIFIER = com.weather.app.SoundPayTests;
				PRODUCT_NAME = "$(TARGET_NAME)";
				SWIFT_EMIT_LOC_STRINGS = NO;
				TARGETED_DEVICE_FAMILY = "1,2";
			};
			name = Release;
		};
/* End XCBuildConfiguration section */

/* Begin XCConfigurationList section */
		3D88174D2887F8600062E2DF /* Build configuration list for PBXProject "SoundPay" */ = {
			isa = XCConfigurationList;
			buildConfigurations = (
				3D8817652887F8610062E2DF /* Debug */,
				3D8817662887F8610062E2DF /* Release */,
			);
			defaultConfigurationIsVisible = 0;
			defaultConfigurationName = Release;
		};
		3D8817672887F8610062E2DF /* Build configuration list for PBXNativeTarget "SoundPay" */ = {
			isa = XCConfigurationList;
			buildConfigurations = (
				3D8817682887F8610062E2DF /* Debug */,
				3D8817692887F8610062E2DF /* Release */,
			);
			defaultConfigurationIsVisible = 0;
			defaultConfigurationName = Release;
		};
		3D88176A2887F8610062E2DF /* Build configuration list for PBXNativeTarget "SoundPayTests" */ = {
			isa = XCConfigurationList;
			buildConfigurations = (
				3D88176B2887F8610062E2DF /* Debug */,
				3D88176C2887F8610062E2DF /* Release */,
			);
			defaultConfigurationIsVisible = 0;
			defaultConfigurationName = Release;
		};
/* End XCConfigurationList section */
	};
	rootObject = 3D88174A2887F8600062E2DF /* Project object */;
}
